# This file was autogenerated by Stack.
# You should not edit this file by hand.
# For more information, please see the documentation at:
#   https://docs.haskellstack.org/en/stable/lock_files

packages:
- completed:
    hackage: I1M-0.1.0@sha256:1b3afb2863632473de430f3924b0630a4e690a7d3786d09ceaaac7f9b0cd9afc,2289
    pantry-tree:
      size: 2064
      sha256: 6c2087fffca87570d69d054c8c42db433a0b7de7f9685422e0def5bb360abda6
  original:
    hackage: I1M-0.1.0
- completed:
    hackage: combinat-0.2.10.0@sha256:adc1dbb532b048e419374e9e89dc4f92c47758300ffe8534a54849266706e53b,5318
    pantry-tree:
      size: 4964
      sha256: 3633e40972d9b3bc12ae75fdeadff558d5bf8293f592245db8bfdbff8c9e22be
  original:
    hackage: combinat-0.2.10.0@sha256:adc1dbb532b048e419374e9e89dc4f92c47758300ffe8534a54849266706e53b,5318
- completed:
    hackage: compact-word-vectors-0.2.0.2@sha256:e46c7c3186dafe1ae22434556ddec91af022f2360c57c30a46397758938f3acc,2617
    pantry-tree:
      size: 744
      sha256: 04bb169017c6d066518c6b90938839cf0f1b3352188a4800ffe7b04d79cb2b99
  original:
    hackage: compact-word-vectors-0.2.0.2@sha256:e46c7c3186dafe1ae22434556ddec91af022f2360c57c30a46397758938f3acc,2617
- completed:
    hackage: statistics-linreg-0.3@sha256:95c6efe6c7f6b26bc6e9ada90ab2d18216371cf59a6ef2b517b4a6fd35d9a76f,2544
    pantry-tree:
      size: 233
      sha256: 8d1978a6497e4fd9c66b0c5f24ea659aa9714f5b7e8b1dcfce7fb7bb8d4dee0e
  original:
    hackage: statistics-linreg-0.3@sha256:95c6efe6c7f6b26bc6e9ada90ab2d18216371cf59a6ef2b517b4a6fd35d9a76f,2544
- completed:
    hackage: AlanDeniseEricLauren-0.1.0.1@sha256:af6c44efd897d862d12b16da96869978b46c54c3841a4449cbec553237783a8d,1741
    pantry-tree:
      size: 372
      sha256: 4bea6b0ab8db3e0d91734f482fc4a641de46c7ad9d62063a074d621e8e841f4e
  original:
    hackage: AlanDeniseEricLauren-0.1.0.1@sha256:af6c44efd897d862d12b16da96869978b46c54c3841a4449cbec553237783a8d,1741
snapshots:
- completed:
    size: 587821
    url: https://raw.githubusercontent.com/commercialhaskell/stackage-snapshots/master/lts/18/24.yaml
    sha256: 06d844ba51e49907bd29cb58b4a5f86ee7587a4cd7e6cf395eeec16cba619ce8
  original: lts-18.24
