# This file was autogenerated by Stack.
# You should not edit this file by hand.
# For more information, please see the documentation at:
#   https://docs.haskellstack.org/en/stable/lock_files

packages:
- completed:
    hackage: I1M-0.2.0@sha256:576f4e4d96bc6e9a757a52fda7aae5e4d865a9d0df5e5c3162350a9024be6e85,2289
    pantry-tree:
      sha256: 4fcdf53913ba76cefb6450854f20a3f671be46aaa239e8f244278b3e3e207eff
      size: 2064
  original:
    hackage: I1M-0.2.0
- completed:
    hackage: combinat-0.2.10.1@sha256:c039827890044eda529d9115daa5d93d0e30f68483cfde560786cd2e3483db50,5857
    pantry-tree:
      sha256: c8deb381f3554178eee607a17153f161b1efeb472c521b92b40aeb3d021e3c4b
      size: 5196
  original:
    hackage: combinat-0.2.10.1
- completed:
    hackage: compact-word-vectors-0.2.0.2@sha256:e46c7c3186dafe1ae22434556ddec91af022f2360c57c30a46397758938f3acc,2617
    pantry-tree:
      sha256: 04bb169017c6d066518c6b90938839cf0f1b3352188a4800ffe7b04d79cb2b99
      size: 744
  original:
    hackage: compact-word-vectors-0.2.0.2@sha256:e46c7c3186dafe1ae22434556ddec91af022f2360c57c30a46397758938f3acc,2617
- completed:
    hackage: set-monad-0.3.0.0@sha256:8c7a97a5daec64e5846975503cf8b8d8936d96674f375b1adf330dd2db488ff2,4159
    pantry-tree:
      sha256: e43d9a259ccdfeb94a24daf398c92fd77ef024be5ede019f55af775a698de035
      size: 212
  original:
    hackage: set-monad-0.3.0.0@sha256:8c7a97a5daec64e5846975503cf8b8d8936d96674f375b1adf330dd2db488ff2,4159
- completed:
    hackage: statistics-linreg-0.3@sha256:95c6efe6c7f6b26bc6e9ada90ab2d18216371cf59a6ef2b517b4a6fd35d9a76f,2544
    pantry-tree:
      sha256: 8d1978a6497e4fd9c66b0c5f24ea659aa9714f5b7e8b1dcfce7fb7bb8d4dee0e
      size: 233
  original:
    hackage: statistics-linreg-0.3@sha256:95c6efe6c7f6b26bc6e9ada90ab2d18216371cf59a6ef2b517b4a6fd35d9a76f,2544
snapshots:
- completed:
    sha256: c6274f9587d6bf40b6aaa7d1092684c37a2d8bb1e0df999ae0e2b755db15682d
    size: 720026
    url: https://raw.githubusercontent.com/commercialhaskell/stackage-snapshots/master/lts/22/37.yaml
  original: lts-22.37
